
Microsoft Visual Studio Solution File, Format Version 12.00
# Visual Studio 2012
Project("{FAE04EC0-301F-11D3-BF4B-00C04F79EFBC}") = "BorgarverkApp", "BorgarverkApp\BorgarverkApp.csproj", "{F46D09D9-8AB4-4693-8135-04FC9AB18479}"
EndProject
Project("{FAE04EC0-301F-11D3-BF4B-00C04F79EFBC}") = "BorgarverkApp.UITests", "BorgarverkApp.UITests\BorgarverkApp.UITests.csproj", "{59270691-8FA6-47BA-AFEC-2E0831DD42CE}"
EndProject
Global
	GlobalSection(SolutionConfigurationPlatforms) = preSolution
		Debug|Any CPU = Debug|Any CPU
		Release|Any CPU = Release|Any CPU
	EndGlobalSection
	GlobalSection(ProjectConfigurationPlatforms) = postSolution
		{F46D09D9-8AB4-4693-8135-04FC9AB18479}.Debug|Any CPU.ActiveCfg = Debug|Any CPU
		{F46D09D9-8AB4-4693-8135-04FC9AB18479}.Debug|Any CPU.Build.0 = Debug|Any CPU
		{F46D09D9-8AB4-4693-8135-04FC9AB18479}.Release|Any CPU.ActiveCfg = Release|Any CPU
		{F46D09D9-8AB4-4693-8135-04FC9AB18479}.Release|Any CPU.Build.0 = Release|Any CPU
		{59270691-8FA6-47BA-AFEC-2E0831DD42CE}.Debug|Any CPU.ActiveCfg = Debug|Any CPU
		{59270691-8FA6-47BA-AFEC-2E0831DD42CE}.Debug|Any CPU.Build.0 = Debug|Any CPU
		{59270691-8FA6-47BA-AFEC-2E0831DD42CE}.Release|Any CPU.ActiveCfg = Release|Any CPU
		{59270691-8FA6-47BA-AFEC-2E0831DD42CE}.Release|Any CPU.Build.0 = Release|Any CPU
	EndGlobalSection
EndGlobal
